// !$*UTF8*$!
{
	archiveVersion = 1;
	classes = {
	};
	objectVersion = 56;
	objects = {

/* Begin PBXBuildFile section */
		8A3B86262A458C5000492DBF /* CustomInputField.swift in Sources */ = {isa = PBXBuildFile; fileRef = 8A3B86252A458C5000492DBF /* CustomInputField.swift */; };
		8A3B86292A458FCB00492DBF /* AuthHeaderView.swift in Sources */ = {isa = PBXBuildFile; fileRef = 8A3B86282A458FCB00492DBF /* AuthHeaderView.swift */; };
		8A49A6092A3971C40065A3F5 /* SideMenuOptionRowView.swift in Sources */ = {isa = PBXBuildFile; fileRef = 8A49A6082A3971C40065A3F5 /* SideMenuOptionRowView.swift */; };
		8A66C2112A381FEA00E1183E /* SideMenuView.swift in Sources */ = {isa = PBXBuildFile; fileRef = 8A66C2102A381FEA00E1183E /* SideMenuView.swift */; };
		8A66C2132A38206C00E1183E /* SideMenuViewModel.swift in Sources */ = {isa = PBXBuildFile; fileRef = 8A66C2122A38206C00E1183E /* SideMenuViewModel.swift */; };
		8A66C2152A38333500E1183E /* UserStatsView.swift in Sources */ = {isa = PBXBuildFile; fileRef = 8A66C2142A38333500E1183E /* UserStatsView.swift */; };
		8A6B367C2A36477700858336 /* TwitterApp.swift in Sources */ = {isa = PBXBuildFile; fileRef = 8A6B367B2A36477700858336 /* TwitterApp.swift */; };
		8A6B367E2A36477700858336 /* ContentView.swift in Sources */ = {isa = PBXBuildFile; fileRef = 8A6B367D2A36477700858336 /* ContentView.swift */; };
		8A6B36802A36477800858336 /* Assets.xcassets in Resources */ = {isa = PBXBuildFile; fileRef = 8A6B367F2A36477800858336 /* Assets.xcassets */; };
		8A6B36832A36477800858336 /* Preview Assets.xcassets in Resources */ = {isa = PBXBuildFile; fileRef = 8A6B36822A36477800858336 /* Preview Assets.xcassets */; };
		8A6B36922A3653B900858336 /* FeedView.swift in Sources */ = {isa = PBXBuildFile; fileRef = 8A6B36912A3653B900858336 /* FeedView.swift */; };
		8A6B36952A3654CD00858336 /* TweetRowView.swift in Sources */ = {isa = PBXBuildFile; fileRef = 8A6B36942A3654CD00858336 /* TweetRowView.swift */; };
		8A9036FF2A36FBB400E7FEAE /* MainTabView.swift in Sources */ = {isa = PBXBuildFile; fileRef = 8A9036FE2A36FBB400E7FEAE /* MainTabView.swift */; };
		8A9037052A36FD6F00E7FEAE /* ExploreView.swift in Sources */ = {isa = PBXBuildFile; fileRef = 8A9037042A36FD6F00E7FEAE /* ExploreView.swift */; };
		8A9037072A36FD8F00E7FEAE /* NotificationsView.swift in Sources */ = {isa = PBXBuildFile; fileRef = 8A9037062A36FD8F00E7FEAE /* NotificationsView.swift */; };
		8A9037092A36FDA800E7FEAE /* MessagesView.swift in Sources */ = {isa = PBXBuildFile; fileRef = 8A9037082A36FDA800E7FEAE /* MessagesView.swift */; };
		8A9037102A36FF2500E7FEAE /* ProfileViews.swift in Sources */ = {isa = PBXBuildFile; fileRef = 8A90370F2A36FF2500E7FEAE /* ProfileViews.swift */; };
		8A9037122A37967500E7FEAE /* TweetFilterViewModel.swift in Sources */ = {isa = PBXBuildFile; fileRef = 8A9037112A37967500E7FEAE /* TweetFilterViewModel.swift */; };
		8A9037172A37BE3600E7FEAE /* UserRowView.swift in Sources */ = {isa = PBXBuildFile; fileRef = 8A9037162A37BE3600E7FEAE /* UserRowView.swift */; };
		8AB2A2222A3C63C2007D4E1A /* NewTweetView.swift in Sources */ = {isa = PBXBuildFile; fileRef = 8AB2A2212A3C63C2007D4E1A /* NewTweetView.swift */; };
		8AB2A2242A3C6824007D4E1A /* TextArea.swift in Sources */ = {isa = PBXBuildFile; fileRef = 8AB2A2232A3C6824007D4E1A /* TextArea.swift */; };
		8AD9786C2A435AE100242D43 /* LoginView.swift in Sources */ = {isa = PBXBuildFile; fileRef = 8AD9786B2A435AE100242D43 /* LoginView.swift */; };
		8AD9786E2A435B7200242D43 /* RegistrationView.swift in Sources */ = {isa = PBXBuildFile; fileRef = 8AD9786D2A435B7200242D43 /* RegistrationView.swift */; };
		8AD978702A4362FD00242D43 /* RoundedShape.swift in Sources */ = {isa = PBXBuildFile; fileRef = 8AD9786F2A4362FD00242D43 /* RoundedShape.swift */; };
/* End PBXBuildFile section */

/* Begin PBXFileReference section */
		8A3B86252A458C5000492DBF /* CustomInputField.swift */ = {isa = PBXFileReference; lastKnownFileType = sourcecode.swift; path = CustomInputField.swift; sourceTree = "<group>"; };
		8A3B86282A458FCB00492DBF /* AuthHeaderView.swift */ = {isa = PBXFileReference; lastKnownFileType = sourcecode.swift; path = AuthHeaderView.swift; sourceTree = "<group>"; };
		8A49A6082A3971C40065A3F5 /* SideMenuOptionRowView.swift */ = {isa = PBXFileReference; lastKnownFileType = sourcecode.swift; path = SideMenuOptionRowView.swift; sourceTree = "<group>"; };
		8A66C2102A381FEA00E1183E /* SideMenuView.swift */ = {isa = PBXFileReference; lastKnownFileType = sourcecode.swift; path = SideMenuView.swift; sourceTree = "<group>"; };
		8A66C2122A38206C00E1183E /* SideMenuViewModel.swift */ = {isa = PBXFileReference; lastKnownFileType = sourcecode.swift; path = SideMenuViewModel.swift; sourceTree = "<group>"; };
		8A66C2142A38333500E1183E /* UserStatsView.swift */ = {isa = PBXFileReference; lastKnownFileType = sourcecode.swift; path = UserStatsView.swift; sourceTree = "<group>"; };
		8A6B36782A36477700858336 /* Twitter.app */ = {isa = PBXFileReference; explicitFileType = wrapper.application; includeInIndex = 0; path = Twitter.app; sourceTree = BUILT_PRODUCTS_DIR; };
		8A6B367B2A36477700858336 /* TwitterApp.swift */ = {isa = PBXFileReference; lastKnownFileType = sourcecode.swift; path = TwitterApp.swift; sourceTree = "<group>"; };
		8A6B367D2A36477700858336 /* ContentView.swift */ = {isa = PBXFileReference; lastKnownFileType = sourcecode.swift; path = ContentView.swift; sourceTree = "<group>"; };
		8A6B367F2A36477800858336 /* Assets.xcassets */ = {isa = PBXFileReference; lastKnownFileType = folder.assetcatalog; path = Assets.xcassets; sourceTree = "<group>"; };
		8A6B36822A36477800858336 /* Preview Assets.xcassets */ = {isa = PBXFileReference; lastKnownFileType = folder.assetcatalog; path = "Preview Assets.xcassets"; sourceTree = "<group>"; };
		8A6B36912A3653B900858336 /* FeedView.swift */ = {isa = PBXFileReference; lastKnownFileType = sourcecode.swift; path = FeedView.swift; sourceTree = "<group>"; };
		8A6B36942A3654CD00858336 /* TweetRowView.swift */ = {isa = PBXFileReference; lastKnownFileType = sourcecode.swift; path = TweetRowView.swift; sourceTree = "<group>"; };
		8A9036FE2A36FBB400E7FEAE /* MainTabView.swift */ = {isa = PBXFileReference; lastKnownFileType = sourcecode.swift; path = MainTabView.swift; sourceTree = "<group>"; };
		8A9037042A36FD6F00E7FEAE /* ExploreView.swift */ = {isa = PBXFileReference; lastKnownFileType = sourcecode.swift; path = ExploreView.swift; sourceTree = "<group>"; };
		8A9037062A36FD8F00E7FEAE /* NotificationsView.swift */ = {isa = PBXFileReference; lastKnownFileType = sourcecode.swift; path = NotificationsView.swift; sourceTree = "<group>"; };
		8A9037082A36FDA800E7FEAE /* MessagesView.swift */ = {isa = PBXFileReference; lastKnownFileType = sourcecode.swift; path = MessagesView.swift; sourceTree = "<group>"; };
		8A90370F2A36FF2500E7FEAE /* ProfileViews.swift */ = {isa = PBXFileReference; lastKnownFileType = sourcecode.swift; path = ProfileViews.swift; sourceTree = "<group>"; };
		8A9037112A37967500E7FEAE /* TweetFilterViewModel.swift */ = {isa = PBXFileReference; lastKnownFileType = sourcecode.swift; path = TweetFilterViewModel.swift; sourceTree = "<group>"; };
		8A9037162A37BE3600E7FEAE /* UserRowView.swift */ = {isa = PBXFileReference; lastKnownFileType = sourcecode.swift; path = UserRowView.swift; sourceTree = "<group>"; };
		8AB2A2212A3C63C2007D4E1A /* NewTweetView.swift */ = {isa = PBXFileReference; lastKnownFileType = sourcecode.swift; path = NewTweetView.swift; sourceTree = "<group>"; };
		8AB2A2232A3C6824007D4E1A /* TextArea.swift */ = {isa = PBXFileReference; lastKnownFileType = sourcecode.swift; path = TextArea.swift; sourceTree = "<group>"; };
		8AD9786B2A435AE100242D43 /* LoginView.swift */ = {isa = PBXFileReference; lastKnownFileType = sourcecode.swift; path = LoginView.swift; sourceTree = "<group>"; };
		8AD9786D2A435B7200242D43 /* RegistrationView.swift */ = {isa = PBXFileReference; lastKnownFileType = sourcecode.swift; path = RegistrationView.swift; sourceTree = "<group>"; };
		8AD9786F2A4362FD00242D43 /* RoundedShape.swift */ = {isa = PBXFileReference; lastKnownFileType = sourcecode.swift; path = RoundedShape.swift; sourceTree = "<group>"; };
/* End PBXFileReference section */

/* Begin PBXFrameworksBuildPhase section */
		8A6B36752A36477700858336 /* Frameworks */ = {
			isa = PBXFrameworksBuildPhase;
			buildActionMask = 2147483647;
			files = (
			);
			runOnlyForDeploymentPostprocessing = 0;
		};
/* End PBXFrameworksBuildPhase section */

/* Begin PBXGroup section */
		8A3B86272A458FBE00492DBF /* Authentication */ = {
			isa = PBXGroup;
			children = (
				8A3B86282A458FCB00492DBF /* AuthHeaderView.swift */,
			);
			path = Authentication;
			sourceTree = "<group>";
		};
		8A66C20D2A381FC800E1183E /* SideMenu */ = {
			isa = PBXGroup;
			children = (
				8A66C20F2A381FDB00E1183E /* Views */,
				8A66C20E2A381FD500E1183E /* ViewModel */,
			);
			path = SideMenu;
			sourceTree = "<group>";
		};
		8A66C20E2A381FD500E1183E /* ViewModel */ = {
			isa = PBXGroup;
			children = (
				8A66C2122A38206C00E1183E /* SideMenuViewModel.swift */,
			);
			path = ViewModel;
			sourceTree = "<group>";
		};
		8A66C20F2A381FDB00E1183E /* Views */ = {
			isa = PBXGroup;
			children = (
				8A66C2102A381FEA00E1183E /* SideMenuView.swift */,
				8A49A6082A3971C40065A3F5 /* SideMenuOptionRowView.swift */,
			);
			path = Views;
			sourceTree = "<group>";
		};
		8A6B366F2A36477700858336 = {
			isa = PBXGroup;
			children = (
				8A6B367A2A36477700858336 /* Twitter */,
				8A6B36792A36477700858336 /* Products */,
			);
			sourceTree = "<group>";
		};
		8A6B36792A36477700858336 /* Products */ = {
			isa = PBXGroup;
			children = (
				8A6B36782A36477700858336 /* Twitter.app */,
			);
			name = Products;
			sourceTree = "<group>";
		};
		8A6B367A2A36477700858336 /* Twitter */ = {
			isa = PBXGroup;
			children = (
				8A6B368C2A3651B000858336 /* Core */,
				8A6B368B2A3651A100858336 /* Services */,
				8A6B368A2A36519D00858336 /* Model */,
				8A6B36892A36519700858336 /* Extensions */,
				8A6B367B2A36477700858336 /* TwitterApp.swift */,
				8A6B367D2A36477700858336 /* ContentView.swift */,
				8A6B367F2A36477800858336 /* Assets.xcassets */,
				8A6B36812A36477800858336 /* Preview Content */,
			);
			path = Twitter;
			sourceTree = "<group>";
		};
		8A6B36812A36477800858336 /* Preview Content */ = {
			isa = PBXGroup;
			children = (
				8A6B36822A36477800858336 /* Preview Assets.xcassets */,
			);
			path = "Preview Content";
			sourceTree = "<group>";
		};
		8A6B36892A36519700858336 /* Extensions */ = {
			isa = PBXGroup;
			children = (
			);
			path = Extensions;
			sourceTree = "<group>";
		};
		8A6B368A2A36519D00858336 /* Model */ = {
			isa = PBXGroup;
			children = (
			);
			path = Model;
			sourceTree = "<group>";
		};
		8A6B368B2A3651A100858336 /* Services */ = {
			isa = PBXGroup;
			children = (
			);
			path = Services;
			sourceTree = "<group>";
		};
		8A6B368C2A3651B000858336 /* Core */ = {
			isa = PBXGroup;
			children = (
				8AD978682A435A4A00242D43 /* Authentication  */,
				8AB2A21E2A3C63A0007D4E1A /* UploadTweet */,
				8A66C20D2A381FC800E1183E /* SideMenu */,
				8A9037032A36FD5500E7FEAE /* Profile */,
				8A9037022A36FD4E00E7FEAE /* Messages */,
				8A9037012A36FD4000E7FEAE /* Notifications */,
				8A9037002A36FD3A00E7FEAE /* Explore */,
				8A9036FD2A36FBA500E7FEAE /* MainTab */,
				8A6B368E2A3651CB00858336 /* Feed */,
				8A6B368D2A3651C600858336 /* Components */,
			);
			path = Core;
			sourceTree = "<group>";
		};
		8A6B368D2A3651C600858336 /* Components */ = {
			isa = PBXGroup;
			children = (
				8A3B86272A458FBE00492DBF /* Authentication */,
				8A9037152A37BE2600E7FEAE /* Users */,
				8A6B36932A3654A500858336 /* Tweets */,
				8AB2A2232A3C6824007D4E1A /* TextArea.swift */,
				8AD9786F2A4362FD00242D43 /* RoundedShape.swift */,
			);
			path = Components;
			sourceTree = "<group>";
		};
		8A6B368E2A3651CB00858336 /* Feed */ = {
			isa = PBXGroup;
			children = (
				8A6B36902A36534C00858336 /* View */,
				8A6B368F2A36533C00858336 /* ViewModels */,
			);
			path = Feed;
			sourceTree = "<group>";
		};
		8A6B368F2A36533C00858336 /* ViewModels */ = {
			isa = PBXGroup;
			children = (
			);
			path = ViewModels;
			sourceTree = "<group>";
		};
		8A6B36902A36534C00858336 /* View */ = {
			isa = PBXGroup;
			children = (
				8A6B36912A3653B900858336 /* FeedView.swift */,
			);
			path = View;
			sourceTree = "<group>";
		};
		8A6B36932A3654A500858336 /* Tweets */ = {
			isa = PBXGroup;
			children = (
				8A6B36942A3654CD00858336 /* TweetRowView.swift */,
				8A3B86252A458C5000492DBF /* CustomInputField.swift */,
			);
			path = Tweets;
			sourceTree = "<group>";
		};
		8A9036FD2A36FBA500E7FEAE /* MainTab */ = {
			isa = PBXGroup;
			children = (
				8A9036FE2A36FBB400E7FEAE /* MainTabView.swift */,
			);
			path = MainTab;
			sourceTree = "<group>";
		};
		8A9037002A36FD3A00E7FEAE /* Explore */ = {
			isa = PBXGroup;
			children = (
				8A9037142A37BE1500E7FEAE /* View */,
				8A9037132A37BDF600E7FEAE /* ViewModels */,
			);
			path = Explore;
			sourceTree = "<group>";
		};
		8A9037012A36FD4000E7FEAE /* Notifications */ = {
			isa = PBXGroup;
			children = (
				8A9037062A36FD8F00E7FEAE /* NotificationsView.swift */,
			);
			path = Notifications;
			sourceTree = "<group>";
		};
		8A9037022A36FD4E00E7FEAE /* Messages */ = {
			isa = PBXGroup;
			children = (
				8A9037082A36FDA800E7FEAE /* MessagesView.swift */,
			);
			path = Messages;
			sourceTree = "<group>";
		};
		8A9037032A36FD5500E7FEAE /* Profile */ = {
			isa = PBXGroup;
			children = (
				8A90370E2A36FF0F00E7FEAE /* Views */,
				8A90370D2A36FF0800E7FEAE /* ViewModels */,
			);
			path = Profile;
			sourceTree = "<group>";
		};
		8A90370D2A36FF0800E7FEAE /* ViewModels */ = {
			isa = PBXGroup;
			children = (
				8A9037112A37967500E7FEAE /* TweetFilterViewModel.swift */,
			);
			path = ViewModels;
			sourceTree = "<group>";
		};
		8A90370E2A36FF0F00E7FEAE /* Views */ = {
			isa = PBXGroup;
			children = (
				8A90370F2A36FF2500E7FEAE /* ProfileViews.swift */,
			);
			path = Views;
			sourceTree = "<group>";
		};
		8A9037132A37BDF600E7FEAE /* ViewModels */ = {
			isa = PBXGroup;
			children = (
			);
			path = ViewModels;
			sourceTree = "<group>";
		};
		8A9037142A37BE1500E7FEAE /* View */ = {
			isa = PBXGroup;
			children = (
				8A9037042A36FD6F00E7FEAE /* ExploreView.swift */,
			);
			path = View;
			sourceTree = "<group>";
		};
		8A9037152A37BE2600E7FEAE /* Users */ = {
			isa = PBXGroup;
			children = (
				8A9037162A37BE3600E7FEAE /* UserRowView.swift */,
				8A66C2142A38333500E1183E /* UserStatsView.swift */,
			);
			path = Users;
			sourceTree = "<group>";
		};
		8AB2A21E2A3C63A0007D4E1A /* UploadTweet */ = {
			isa = PBXGroup;
			children = (
				8AB2A2202A3C63B4007D4E1A /* Views */,
				8AB2A21F2A3C63AC007D4E1A /* ViewModels */,
			);
			path = UploadTweet;
			sourceTree = "<group>";
		};
		8AB2A21F2A3C63AC007D4E1A /* ViewModels */ = {
			isa = PBXGroup;
			children = (
			);
			path = ViewModels;
			sourceTree = "<group>";
		};
		8AB2A2202A3C63B4007D4E1A /* Views */ = {
			isa = PBXGroup;
			children = (
				8AB2A2212A3C63C2007D4E1A /* NewTweetView.swift */,
			);
			path = Views;
			sourceTree = "<group>";
		};
		8AD978682A435A4A00242D43 /* Authentication  */ = {
			isa = PBXGroup;
			children = (
				8AD9786A2A435A9000242D43 /* ViewModels */,
				8AD978692A435A5F00242D43 /* Views */,
			);
			path = "Authentication ";
			sourceTree = "<group>";
		};
		8AD978692A435A5F00242D43 /* Views */ = {
			isa = PBXGroup;
			children = (
				8AD9786B2A435AE100242D43 /* LoginView.swift */,
				8AD9786D2A435B7200242D43 /* RegistrationView.swift */,
			);
			path = Views;
			sourceTree = "<group>";
		};
		8AD9786A2A435A9000242D43 /* ViewModels */ = {
			isa = PBXGroup;
			children = (
			);
			path = ViewModels;
			sourceTree = "<group>";
		};
/* End PBXGroup section */

/* Begin PBXNativeTarget section */
		8A6B36772A36477700858336 /* Twitter */ = {
			isa = PBXNativeTarget;
			buildConfigurationList = 8A6B36862A36477800858336 /* Build configuration list for PBXNativeTarget "Twitter" */;
			buildPhases = (
				8A6B36742A36477700858336 /* Sources */,
				8A6B36752A36477700858336 /* Frameworks */,
				8A6B36762A36477700858336 /* Resources */,
			);
			buildRules = (
			);
			dependencies = (
			);
			name = Twitter;
			productName = Twitter;
			productReference = 8A6B36782A36477700858336 /* Twitter.app */;
			productType = "com.apple.product-type.application";
		};
/* End PBXNativeTarget section */

/* Begin PBXProject section */
		8A6B36702A36477700858336 /* Project object */ = {
			isa = PBXProject;
			attributes = {
				BuildIndependentTargetsInParallel = 1;
				LastSwiftUpdateCheck = 1430;
				LastUpgradeCheck = 1430;
				TargetAttributes = {
					8A6B36772A36477700858336 = {
						CreatedOnToolsVersion = 14.3;
					};
				};
			};
			buildConfigurationList = 8A6B36732A36477700858336 /* Build configuration list for PBXProject "Twitter" */;
			compatibilityVersion = "Xcode 14.0";
			developmentRegion = en;
			hasScannedForEncodings = 0;
			knownRegions = (
				en,
				Base,
			);
			mainGroup = 8A6B366F2A36477700858336;
			productRefGroup = 8A6B36792A36477700858336 /* Products */;
			projectDirPath = "";
			projectRoot = "";
			targets = (
				8A6B36772A36477700858336 /* Twitter */,
			);
		};
/* End PBXProject section */

/* Begin PBXResourcesBuildPhase section */
		8A6B36762A36477700858336 /* Resources */ = {
			isa = PBXResourcesBuildPhase;
			buildActionMask = 2147483647;
			files = (
				8A6B36832A36477800858336 /* Preview Assets.xcassets in Resources */,
				8A6B36802A36477800858336 /* Assets.xcassets in Resources */,
			);
			runOnlyForDeploymentPostprocessing = 0;
		};
/* End PBXResourcesBuildPhase section */

/* Begin PBXSourcesBuildPhase section */
		8A6B36742A36477700858336 /* Sources */ = {
			isa = PBXSourcesBuildPhase;
			buildActionMask = 2147483647;
			files = (
				8A9037092A36FDA800E7FEAE /* MessagesView.swift in Sources */,
				8A6B367E2A36477700858336 /* ContentView.swift in Sources */,
				8A6B36952A3654CD00858336 /* TweetRowView.swift in Sources */,
				8A3B86292A458FCB00492DBF /* AuthHeaderView.swift in Sources */,
				8A6B36922A3653B900858336 /* FeedView.swift in Sources */,
				8A3B86262A458C5000492DBF /* CustomInputField.swift in Sources */,
				8A9037122A37967500E7FEAE /* TweetFilterViewModel.swift in Sources */,
				8A6B367C2A36477700858336 /* TwitterApp.swift in Sources */,
				8A66C2112A381FEA00E1183E /* SideMenuView.swift in Sources */,
				8A66C2152A38333500E1183E /* UserStatsView.swift in Sources */,
				8A9037052A36FD6F00E7FEAE /* ExploreView.swift in Sources */,
				8A66C2132A38206C00E1183E /* SideMenuViewModel.swift in Sources */,
				8AB2A2242A3C6824007D4E1A /* TextArea.swift in Sources */,
				8A9037102A36FF2500E7FEAE /* ProfileViews.swift in Sources */,
				8AD9786C2A435AE100242D43 /* LoginView.swift in Sources */,
				8AD9786E2A435B7200242D43 /* RegistrationView.swift in Sources */,
				8AB2A2222A3C63C2007D4E1A /* NewTweetView.swift in Sources */,
				8AD978702A4362FD00242D43 /* RoundedShape.swift in Sources */,
				8A49A6092A3971C40065A3F5 /* SideMenuOptionRowView.swift in Sources */,
				8A9037172A37BE3600E7FEAE /* UserRowView.swift in Sources */,
				8A9036FF2A36FBB400E7FEAE /* MainTabView.swift in Sources */,
				8A9037072A36FD8F00E7FEAE /* NotificationsView.swift in Sources */,
			);
			runOnlyForDeploymentPostprocessing = 0;
		};
/* End PBXSourcesBuildPhase section */

/* Begin XCBuildConfiguration section */
		8A6B36842A36477800858336 /* Debug */ = {
			isa = XCBuildConfiguration;
			buildSettings = {
				ALWAYS_SEARCH_USER_PATHS = NO;
				CLANG_ANALYZER_NONNULL = YES;
				CLANG_ANALYZER_NUMBER_OBJECT_CONVERSION = YES_AGGRESSIVE;
				CLANG_CXX_LANGUAGE_STANDARD = "gnu++20";
				CLANG_ENABLE_MODULES = YES;
				CLANG_ENABLE_OBJC_ARC = YES;
				CLANG_ENABLE_OBJC_WEAK = YES;
				CLANG_WARN_BLOCK_CAPTURE_AUTORELEASING = YES;
				CLANG_WARN_BOOL_CONVERSION = YES;
				CLANG_WARN_COMMA = YES;
				CLANG_WARN_CONSTANT_CONVERSION = YES;
				CLANG_WARN_DEPRECATED_OBJC_IMPLEMENTATIONS = YES;
				CLANG_WARN_DIRECT_OBJC_ISA_USAGE = YES_ERROR;
				CLANG_WARN_DOCUMENTATION_COMMENTS = YES;
				CLANG_WARN_EMPTY_BODY = YES;
				CLANG_WARN_ENUM_CONVERSION = YES;
				CLANG_WARN_INFINITE_RECURSION = YES;
				CLANG_WARN_INT_CONVERSION = YES;
				CLANG_WARN_NON_LITERAL_NULL_CONVERSION = YES;
				CLANG_WARN_OBJC_IMPLICIT_RETAIN_SELF = YES;
				CLANG_WARN_OBJC_LITERAL_CONVERSION = YES;
				CLANG_WARN_OBJC_ROOT_CLASS = YES_ERROR;
				CLANG_WARN_QUOTED_INCLUDE_IN_FRAMEWORK_HEADER = YES;
				CLANG_WARN_RANGE_LOOP_ANALYSIS = YES;
				CLANG_WARN_STRICT_PROTOTYPES = YES;
				CLANG_WARN_SUSPICIOUS_MOVE = YES;
				CLANG_WARN_UNGUARDED_AVAILABILITY = YES_AGGRESSIVE;
				CLANG_WARN_UNREACHABLE_CODE = YES;
				CLANG_WARN__DUPLICATE_METHOD_MATCH = YES;
				COPY_PHASE_STRIP = NO;
				DEBUG_INFORMATION_FORMAT = dwarf;
				ENABLE_STRICT_OBJC_MSGSEND = YES;
				ENABLE_TESTABILITY = YES;
				GCC_C_LANGUAGE_STANDARD = gnu11;
				GCC_DYNAMIC_NO_PIC = NO;
				GCC_NO_COMMON_BLOCKS = YES;
				GCC_OPTIMIZATION_LEVEL = 0;
				GCC_PREPROCESSOR_DEFINITIONS = (
					"DEBUG=1",
					"$(inherited)",
				);
				GCC_WARN_64_TO_32_BIT_CONVERSION = YES;
				GCC_WARN_ABOUT_RETURN_TYPE = YES_ERROR;
				GCC_WARN_UNDECLARED_SELECTOR = YES;
				GCC_WARN_UNINITIALIZED_AUTOS = YES_AGGRESSIVE;
				GCC_WARN_UNUSED_FUNCTION = YES;
				GCC_WARN_UNUSED_VARIABLE = YES;
				IPHONEOS_DEPLOYMENT_TARGET = 16.4;
				MTL_ENABLE_DEBUG_INFO = INCLUDE_SOURCE;
				MTL_FAST_MATH = YES;
				ONLY_ACTIVE_ARCH = YES;
				SDKROOT = iphoneos;
				SWIFT_ACTIVE_COMPILATION_CONDITIONS = DEBUG;
				SWIFT_OPTIMIZATION_LEVEL = "-Onone";
			};
			name = Debug;
		};
		8A6B36852A36477800858336 /* Release */ = {
			isa = XCBuildConfiguration;
			buildSettings = {
				ALWAYS_SEARCH_USER_PATHS = NO;
				CLANG_ANALYZER_NONNULL = YES;
				CLANG_ANALYZER_NUMBER_OBJECT_CONVERSION = YES_AGGRESSIVE;
				CLANG_CXX_LANGUAGE_STANDARD = "gnu++20";
				CLANG_ENABLE_MODULES = YES;
				CLANG_ENABLE_OBJC_ARC = YES;
				CLANG_ENABLE_OBJC_WEAK = YES;
				CLANG_WARN_BLOCK_CAPTURE_AUTORELEASING = YES;
				CLANG_WARN_BOOL_CONVERSION = YES;
				CLANG_WARN_COMMA = YES;
				CLANG_WARN_CONSTANT_CONVERSION = YES;
				CLANG_WARN_DEPRECATED_OBJC_IMPLEMENTATIONS = YES;
				CLANG_WARN_DIRECT_OBJC_ISA_USAGE = YES_ERROR;
				CLANG_WARN_DOCUMENTATION_COMMENTS = YES;
				CLANG_WARN_EMPTY_BODY = YES;
				CLANG_WARN_ENUM_CONVERSION = YES;
				CLANG_WARN_INFINITE_RECURSION = YES;
				CLANG_WARN_INT_CONVERSION = YES;
				CLANG_WARN_NON_LITERAL_NULL_CONVERSION = YES;
				CLANG_WARN_OBJC_IMPLICIT_RETAIN_SELF = YES;
				CLANG_WARN_OBJC_LITERAL_CONVERSION = YES;
				CLANG_WARN_OBJC_ROOT_CLASS = YES_ERROR;
				CLANG_WARN_QUOTED_INCLUDE_IN_FRAMEWORK_HEADER = YES;
				CLANG_WARN_RANGE_LOOP_ANALYSIS = YES;
				CLANG_WARN_STRICT_PROTOTYPES = YES;
				CLANG_WARN_SUSPICIOUS_MOVE = YES;
				CLANG_WARN_UNGUARDED_AVAILABILITY = YES_AGGRESSIVE;
				CLANG_WARN_UNREACHABLE_CODE = YES;
				CLANG_WARN__DUPLICATE_METHOD_MATCH = YES;
				COPY_PHASE_STRIP = NO;
				DEBUG_INFORMATION_FORMAT = "dwarf-with-dsym";
				ENABLE_NS_ASSERTIONS = NO;
				ENABLE_STRICT_OBJC_MSGSEND = YES;
				GCC_C_LANGUAGE_STANDARD = gnu11;
				GCC_NO_COMMON_BLOCKS = YES;
				GCC_WARN_64_TO_32_BIT_CONVERSION = YES;
				GCC_WARN_ABOUT_RETURN_TYPE = YES_ERROR;
				GCC_WARN_UNDECLARED_SELECTOR = YES;
				GCC_WARN_UNINITIALIZED_AUTOS = YES_AGGRESSIVE;
				GCC_WARN_UNUSED_FUNCTION = YES;
				GCC_WARN_UNUSED_VARIABLE = YES;
				IPHONEOS_DEPLOYMENT_TARGET = 16.4;
				MTL_ENABLE_DEBUG_INFO = NO;
				MTL_FAST_MATH = YES;
				SDKROOT = iphoneos;
				SWIFT_COMPILATION_MODE = wholemodule;
				SWIFT_OPTIMIZATION_LEVEL = "-O";
				VALIDATE_PRODUCT = YES;
			};
			name = Release;
		};
		8A6B36872A36477800858336 /* Debug */ = {
			isa = XCBuildConfiguration;
			buildSettings = {
				ASSETCATALOG_COMPILER_APPICON_NAME = AppIcon;
				ASSETCATALOG_COMPILER_GLOBAL_ACCENT_COLOR_NAME = AccentColor;
				CODE_SIGN_STYLE = Automatic;
				CURRENT_PROJECT_VERSION = 1;
				DEVELOPMENT_ASSET_PATHS = "\"Twitter/Preview Content\"";
				ENABLE_PREVIEWS = YES;
				GENERATE_INFOPLIST_FILE = YES;
				INFOPLIST_KEY_UIApplicationSceneManifest_Generation = YES;
				INFOPLIST_KEY_UIApplicationSupportsIndirectInputEvents = YES;
				INFOPLIST_KEY_UILaunchScreen_Generation = YES;
				INFOPLIST_KEY_UISupportedInterfaceOrientations_iPad = "UIInterfaceOrientationPortrait UIInterfaceOrientationPortraitUpsideDown UIInterfaceOrientationLandscapeLeft UIInterfaceOrientationLandscapeRight";
				INFOPLIST_KEY_UISupportedInterfaceOrientations_iPhone = "UIInterfaceOrientationPortrait UIInterfaceOrientationLandscapeLeft UIInterfaceOrientationLandscapeRight";
				LD_RUNPATH_SEARCH_PATHS = (
					"$(inherited)",
					"@executable_path/Frameworks",
				);
				MARKETING_VERSION = 1.0;
				PRODUCT_BUNDLE_IDENTIFIER = com.lorenzo.Twitter;
				PRODUCT_NAME = "$(TARGET_NAME)";
				SWIFT_EMIT_LOC_STRINGS = YES;
				SWIFT_VERSION = 5.0;
				TARGETED_DEVICE_FAMILY = "1,2";
			};
			name = Debug;
		};
		8A6B36882A36477800858336 /* Release */ = {
			isa = XCBuildConfiguration;
			buildSettings = {
				ASSETCATALOG_COMPILER_APPICON_NAME = AppIcon;
				ASSETCATALOG_COMPILER_GLOBAL_ACCENT_COLOR_NAME = AccentColor;
				CODE_SIGN_STYLE = Automatic;
				CURRENT_PROJECT_VERSION = 1;
				DEVELOPMENT_ASSET_PATHS = "\"Twitter/Preview Content\"";
				ENABLE_PREVIEWS = YES;
				GENERATE_INFOPLIST_FILE = YES;
				INFOPLIST_KEY_UIApplicationSceneManifest_Generation = YES;
				INFOPLIST_KEY_UIApplicationSupportsIndirectInputEvents = YES;
				INFOPLIST_KEY_UILaunchScreen_Generation = YES;
				INFOPLIST_KEY_UISupportedInterfaceOrientations_iPad = "UIInterfaceOrientationPortrait UIInterfaceOrientationPortraitUpsideDown UIInterfaceOrientationLandscapeLeft UIInterfaceOrientationLandscapeRight";
				INFOPLIST_KEY_UISupportedInterfaceOrientations_iPhone = "UIInterfaceOrientationPortrait UIInterfaceOrientationLandscapeLeft UIInterfaceOrientationLandscapeRight";
				LD_RUNPATH_SEARCH_PATHS = (
					"$(inherited)",
					"@executable_path/Frameworks",
				);
				MARKETING_VERSION = 1.0;
				PRODUCT_BUNDLE_IDENTIFIER = com.lorenzo.Twitter;
				PRODUCT_NAME = "$(TARGET_NAME)";
				SWIFT_EMIT_LOC_STRINGS = YES;
				SWIFT_VERSION = 5.0;
				TARGETED_DEVICE_FAMILY = "1,2";
			};
			name = Release;
		};
/* End XCBuildConfiguration section */

/* Begin XCConfigurationList section */
		8A6B36732A36477700858336 /* Build configuration list for PBXProject "Twitter" */ = {
			isa = XCConfigurationList;
			buildConfigurations = (
				8A6B36842A36477800858336 /* Debug */,
				8A6B36852A36477800858336 /* Release */,
			);
			defaultConfigurationIsVisible = 0;
			defaultConfigurationName = Release;
		};
		8A6B36862A36477800858336 /* Build configuration list for PBXNativeTarget "Twitter" */ = {
			isa = XCConfigurationList;
			buildConfigurations = (
				8A6B36872A36477800858336 /* Debug */,
				8A6B36882A36477800858336 /* Release */,
			);
			defaultConfigurationIsVisible = 0;
			defaultConfigurationName = Release;
		};
/* End XCConfigurationList section */
	};
	rootObject = 8A6B36702A36477700858336 /* Project object */;
}
